
Microsoft Visual Studio Solution File, Format Version 12.00
# Visual Studio Version 16
VisualStudioVersion = 16.0.32802.440
MinimumVisualStudioVersion = 10.0.40219.1
Project("{8BC9CEB8-8B4A-11D0-8D11-00A0C91BC942}") = "PDLab2", "PDLab2\PDLab2.vcxproj", "{5627C898-51AA-4F55-A613-99FEB3552E27}"
EndProject
Global
	GlobalSection(SolutionConfigurationPlatforms) = preSolution
		Debug|x64 = Debug|x64
		Debug|x86 = Debug|x86
		Release|x64 = Release|x64
		Release|x86 = Release|x86
	EndGlobalSection
	GlobalSection(ProjectConfigurationPlatforms) = postSolution
		{5627C898-51AA-4F55-A613-99FEB3552E27}.Debug|x64.ActiveCfg = Debug|x64
		{5627C898-51AA-4F55-A613-99FEB3552E27}.Debug|x64.Build.0 = Debug|x64
		{5627C898-51AA-4F55-A613-99FEB3552E27}.Debug|x86.ActiveCfg = Debug|Win32
		{5627C898-51AA-4F55-A613-99FEB3552E27}.Debug|x86.Build.0 = Debug|Win32
		{5627C898-51AA-4F55-A613-99FEB3552E27}.Release|x64.ActiveCfg = Release|x64
		{5627C898-51AA-4F55-A613-99FEB3552E27}.Release|x64.Build.0 = Release|x64
		{5627C898-51AA-4F55-A613-99FEB3552E27}.Release|x86.ActiveCfg = Release|Win32
		{5627C898-51AA-4F55-A613-99FEB3552E27}.Release|x86.Build.0 = Release|Win32
	EndGlobalSection
	GlobalSection(SolutionProperties) = preSolution
		HideSolutionNode = FALSE
	EndGlobalSection
	GlobalSection(ExtensibilityGlobals) = postSolution
		SolutionGuid = {2BBEAC95-49B3-4179-8EFE-688B24508CCB}
	EndGlobalSection
EndGlobal
